
Microsoft Visual Studio Solution File, Format Version 12.00
# Visual Studio 15
VisualStudioVersion = 15.0.26124.0
MinimumVisualStudioVersion = 15.0.26124.0
Project("{2150E333-8FDC-42A3-9474-1A3956D46DE8}") = "src", "src", "{652F4348-7773-45D7-8781-AF309BD1D91D}"
EndProject
Project("{F2A71F9B-5D33-465A-A702-920D77279786}") = "Freya.Polyfills", "src\Freya.Polyfills\Freya.Polyfills.fsproj", "{287AA752-DCF6-426C-A3B5-748E5AEC2A60}"
EndProject
Project("{F2A71F9B-5D33-465A-A702-920D77279786}") = "Freya.Polyfills.Hopac", "src\Freya.Polyfills.Hopac\Freya.Polyfills.Hopac.fsproj", "{5F09AC94-91C4-47FA-9CA0-ACB1EED2792E}"
EndProject
Project("{F2A71F9B-5D33-465A-A702-920D77279786}") = "Freya.Polyfills.Kestrel", "src\Freya.Polyfills.Kestrel\Freya.Polyfills.Kestrel.fsproj", "{ED0A39D8-EB77-4798-BB98-7EC9AFA35CD1}"
EndProject
Project("{F2A71F9B-5D33-465A-A702-920D77279786}") = "Freya.Polyfills.Kestrel.Hopac", "src\Freya.Polyfills.Kestrel.Hopac\Freya.Polyfills.Kestrel.Hopac.fsproj", "{D736CCB1-148A-4F3C-8C22-3C24C03759B3}"
EndProject
Project("{F2A71F9B-5D33-465A-A702-920D77279786}") = "Freya.Polyfills.Katana", "src\Freya.Polyfills.Katana\Freya.Polyfills.Katana.fsproj", "{8E46C771-29A1-4646-9028-C952DC9B4EF8}"
EndProject
Project("{FAE04EC0-301F-11D3-BF4B-00C04F79EFBC}") = "Freya.Polyfills.Katana.Hopac", "src\Freya.Polyfills.Katana.Hopac\Freya.Polyfills.Katana.Hopac.fsproj", "{5C84A288-AEFE-4D37-9E69-8E4BC4B30F58}"
EndProject
Project("{2150E333-8FDC-42A3-9474-1A3956D46DE8}") = "tests", "tests", "{38AAC17A-18A5-46DE-B8BB-A2F51D8A77E8}"
EndProject
Project("{F2A71F9B-5D33-465A-A702-920D77279786}") = "Freya.Polyfills.Console", "tests\Freya.Polyfills.Console\Freya.Polyfills.Console.fsproj", "{E4FD3104-8E6E-4F9F-A755-B808A278E3AA}"
EndProject
Global
	GlobalSection(SolutionConfigurationPlatforms) = preSolution
		Debug|Any CPU = Debug|Any CPU
		Debug|x64 = Debug|x64
		Debug|x86 = Debug|x86
		Release|Any CPU = Release|Any CPU
		Release|x64 = Release|x64
		Release|x86 = Release|x86
	EndGlobalSection
	GlobalSection(SolutionProperties) = preSolution
		HideSolutionNode = FALSE
	EndGlobalSection
	GlobalSection(ProjectConfigurationPlatforms) = postSolution
		{287AA752-DCF6-426C-A3B5-748E5AEC2A60}.Debug|Any CPU.ActiveCfg = Debug|Any CPU
		{287AA752-DCF6-426C-A3B5-748E5AEC2A60}.Debug|Any CPU.Build.0 = Debug|Any CPU
		{287AA752-DCF6-426C-A3B5-748E5AEC2A60}.Debug|x64.ActiveCfg = Debug|x64
		{287AA752-DCF6-426C-A3B5-748E5AEC2A60}.Debug|x64.Build.0 = Debug|x64
		{287AA752-DCF6-426C-A3B5-748E5AEC2A60}.Debug|x86.ActiveCfg = Debug|x86
		{287AA752-DCF6-426C-A3B5-748E5AEC2A60}.Debug|x86.Build.0 = Debug|x86
		{287AA752-DCF6-426C-A3B5-748E5AEC2A60}.Release|Any CPU.ActiveCfg = Release|Any CPU
		{287AA752-DCF6-426C-A3B5-748E5AEC2A60}.Release|Any CPU.Build.0 = Release|Any CPU
		{287AA752-DCF6-426C-A3B5-748E5AEC2A60}.Release|x64.ActiveCfg = Release|x64
		{287AA752-DCF6-426C-A3B5-748E5AEC2A60}.Release|x64.Build.0 = Release|x64
		{287AA752-DCF6-426C-A3B5-748E5AEC2A60}.Release|x86.ActiveCfg = Release|x86
		{287AA752-DCF6-426C-A3B5-748E5AEC2A60}.Release|x86.Build.0 = Release|x86
		{5F09AC94-91C4-47FA-9CA0-ACB1EED2792E}.Debug|Any CPU.ActiveCfg = Debug|Any CPU
		{5F09AC94-91C4-47FA-9CA0-ACB1EED2792E}.Debug|Any CPU.Build.0 = Debug|Any CPU
		{5F09AC94-91C4-47FA-9CA0-ACB1EED2792E}.Debug|x64.ActiveCfg = Debug|x64
		{5F09AC94-91C4-47FA-9CA0-ACB1EED2792E}.Debug|x64.Build.0 = Debug|x64
		{5F09AC94-91C4-47FA-9CA0-ACB1EED2792E}.Debug|x86.ActiveCfg = Debug|x86
		{5F09AC94-91C4-47FA-9CA0-ACB1EED2792E}.Debug|x86.Build.0 = Debug|x86
		{5F09AC94-91C4-47FA-9CA0-ACB1EED2792E}.Release|Any CPU.ActiveCfg = Release|Any CPU
		{5F09AC94-91C4-47FA-9CA0-ACB1EED2792E}.Release|Any CPU.Build.0 = Release|Any CPU
		{5F09AC94-91C4-47FA-9CA0-ACB1EED2792E}.Release|x64.ActiveCfg = Release|x64
		{5F09AC94-91C4-47FA-9CA0-ACB1EED2792E}.Release|x64.Build.0 = Release|x64
		{5F09AC94-91C4-47FA-9CA0-ACB1EED2792E}.Release|x86.ActiveCfg = Release|x86
		{5F09AC94-91C4-47FA-9CA0-ACB1EED2792E}.Release|x86.Build.0 = Release|x86
		{ED0A39D8-EB77-4798-BB98-7EC9AFA35CD1}.Debug|Any CPU.ActiveCfg = Debug|Any CPU
		{ED0A39D8-EB77-4798-BB98-7EC9AFA35CD1}.Debug|Any CPU.Build.0 = Debug|Any CPU
		{ED0A39D8-EB77-4798-BB98-7EC9AFA35CD1}.Debug|x64.ActiveCfg = Debug|x64
		{ED0A39D8-EB77-4798-BB98-7EC9AFA35CD1}.Debug|x64.Build.0 = Debug|x64
		{ED0A39D8-EB77-4798-BB98-7EC9AFA35CD1}.Debug|x86.ActiveCfg = Debug|x86
		{ED0A39D8-EB77-4798-BB98-7EC9AFA35CD1}.Debug|x86.Build.0 = Debug|x86
		{ED0A39D8-EB77-4798-BB98-7EC9AFA35CD1}.Release|Any CPU.ActiveCfg = Release|Any CPU
		{ED0A39D8-EB77-4798-BB98-7EC9AFA35CD1}.Release|Any CPU.Build.0 = Release|Any CPU
		{ED0A39D8-EB77-4798-BB98-7EC9AFA35CD1}.Release|x64.ActiveCfg = Release|x64
		{ED0A39D8-EB77-4798-BB98-7EC9AFA35CD1}.Release|x64.Build.0 = Release|x64
		{ED0A39D8-EB77-4798-BB98-7EC9AFA35CD1}.Release|x86.ActiveCfg = Release|x86
		{ED0A39D8-EB77-4798-BB98-7EC9AFA35CD1}.Release|x86.Build.0 = Release|x86
		{D736CCB1-148A-4F3C-8C22-3C24C03759B3}.Debug|Any CPU.ActiveCfg = Debug|Any CPU
		{D736CCB1-148A-4F3C-8C22-3C24C03759B3}.Debug|Any CPU.Build.0 = Debug|Any CPU
		{D736CCB1-148A-4F3C-8C22-3C24C03759B3}.Debug|x64.ActiveCfg = Debug|x64
		{D736CCB1-148A-4F3C-8C22-3C24C03759B3}.Debug|x64.Build.0 = Debug|x64
		{D736CCB1-148A-4F3C-8C22-3C24C03759B3}.Debug|x86.ActiveCfg = Debug|x86
		{D736CCB1-148A-4F3C-8C22-3C24C03759B3}.Debug|x86.Build.0 = Debug|x86
		{D736CCB1-148A-4F3C-8C22-3C24C03759B3}.Release|Any CPU.ActiveCfg = Release|Any CPU
		{D736CCB1-148A-4F3C-8C22-3C24C03759B3}.Release|Any CPU.Build.0 = Release|Any CPU
		{D736CCB1-148A-4F3C-8C22-3C24C03759B3}.Release|x64.ActiveCfg = Release|x64
		{D736CCB1-148A-4F3C-8C22-3C24C03759B3}.Release|x64.Build.0 = Release|x64
		{D736CCB1-148A-4F3C-8C22-3C24C03759B3}.Release|x86.ActiveCfg = Release|x86
		{D736CCB1-148A-4F3C-8C22-3C24C03759B3}.Release|x86.Build.0 = Release|x86
		{8E46C771-29A1-4646-9028-C952DC9B4EF8}.Debug|Any CPU.ActiveCfg = Debug|Any CPU
		{8E46C771-29A1-4646-9028-C952DC9B4EF8}.Debug|Any CPU.Build.0 = Debug|Any CPU
		{8E46C771-29A1-4646-9028-C952DC9B4EF8}.Debug|x64.ActiveCfg = Debug|x64
		{8E46C771-29A1-4646-9028-C952DC9B4EF8}.Debug|x64.Build.0 = Debug|x64
		{8E46C771-29A1-4646-9028-C952DC9B4EF8}.Debug|x86.ActiveCfg = Debug|x86
		{8E46C771-29A1-4646-9028-C952DC9B4EF8}.Debug|x86.Build.0 = Debug|x86
		{8E46C771-29A1-4646-9028-C952DC9B4EF8}.Release|Any CPU.ActiveCfg = Release|Any CPU
		{8E46C771-29A1-4646-9028-C952DC9B4EF8}.Release|Any CPU.Build.0 = Release|Any CPU
		{8E46C771-29A1-4646-9028-C952DC9B4EF8}.Release|x64.ActiveCfg = Release|x64
		{8E46C771-29A1-4646-9028-C952DC9B4EF8}.Release|x64.Build.0 = Release|x64
		{8E46C771-29A1-4646-9028-C952DC9B4EF8}.Release|x86.ActiveCfg = Release|x86
		{8E46C771-29A1-4646-9028-C952DC9B4EF8}.Release|x86.Build.0 = Release|x86
		{5C84A288-AEFE-4D37-9E69-8E4BC4B30F58}.Debug|Any CPU.ActiveCfg = Debug|Any CPU
		{5C84A288-AEFE-4D37-9E69-8E4BC4B30F58}.Debug|Any CPU.Build.0 = Debug|Any CPU
		{5C84A288-AEFE-4D37-9E69-8E4BC4B30F58}.Debug|x64.ActiveCfg = Debug|x64
		{5C84A288-AEFE-4D37-9E69-8E4BC4B30F58}.Debug|x64.Build.0 = Debug|x64
		{5C84A288-AEFE-4D37-9E69-8E4BC4B30F58}.Debug|x86.ActiveCfg = Debug|x86
		{5C84A288-AEFE-4D37-9E69-8E4BC4B30F58}.Debug|x86.Build.0 = Debug|x86
		{5C84A288-AEFE-4D37-9E69-8E4BC4B30F58}.Release|Any CPU.ActiveCfg = Release|Any CPU
		{5C84A288-AEFE-4D37-9E69-8E4BC4B30F58}.Release|Any CPU.Build.0 = Release|Any CPU
		{5C84A288-AEFE-4D37-9E69-8E4BC4B30F58}.Release|x64.ActiveCfg = Release|x64
		{5C84A288-AEFE-4D37-9E69-8E4BC4B30F58}.Release|x64.Build.0 = Release|x64
		{5C84A288-AEFE-4D37-9E69-8E4BC4B30F58}.Release|x86.ActiveCfg = Release|x86
		{5C84A288-AEFE-4D37-9E69-8E4BC4B30F58}.Release|x86.Build.0 = Release|x86
		{E4FD3104-8E6E-4F9F-A755-B808A278E3AA}.Debug|Any CPU.ActiveCfg = Debug|Any CPU
		{E4FD3104-8E6E-4F9F-A755-B808A278E3AA}.Debug|Any CPU.Build.0 = Debug|Any CPU
		{E4FD3104-8E6E-4F9F-A755-B808A278E3AA}.Debug|x64.ActiveCfg = Debug|x64
		{E4FD3104-8E6E-4F9F-A755-B808A278E3AA}.Debug|x64.Build.0 = Debug|x64
		{E4FD3104-8E6E-4F9F-A755-B808A278E3AA}.Debug|x86.ActiveCfg = Debug|x86
		{E4FD3104-8E6E-4F9F-A755-B808A278E3AA}.Debug|x86.Build.0 = Debug|x86
		{E4FD3104-8E6E-4F9F-A755-B808A278E3AA}.Release|Any CPU.ActiveCfg = Release|Any CPU
		{E4FD3104-8E6E-4F9F-A755-B808A278E3AA}.Release|Any CPU.Build.0 = Release|Any CPU
		{E4FD3104-8E6E-4F9F-A755-B808A278E3AA}.Release|x64.ActiveCfg = Release|x64
		{E4FD3104-8E6E-4F9F-A755-B808A278E3AA}.Release|x64.Build.0 = Release|x64
		{E4FD3104-8E6E-4F9F-A755-B808A278E3AA}.Release|x86.ActiveCfg = Release|x86
		{E4FD3104-8E6E-4F9F-A755-B808A278E3AA}.Release|x86.Build.0 = Release|x86
	EndGlobalSection
	GlobalSection(NestedProjects) = preSolution
		{287AA752-DCF6-426C-A3B5-748E5AEC2A60} = {652F4348-7773-45D7-8781-AF309BD1D91D}
		{5F09AC94-91C4-47FA-9CA0-ACB1EED2792E} = {652F4348-7773-45D7-8781-AF309BD1D91D}
		{ED0A39D8-EB77-4798-BB98-7EC9AFA35CD1} = {652F4348-7773-45D7-8781-AF309BD1D91D}
		{D736CCB1-148A-4F3C-8C22-3C24C03759B3} = {652F4348-7773-45D7-8781-AF309BD1D91D}
		{8E46C771-29A1-4646-9028-C952DC9B4EF8} = {652F4348-7773-45D7-8781-AF309BD1D91D}
		{5C84A288-AEFE-4D37-9E69-8E4BC4B30F58} = {652F4348-7773-45D7-8781-AF309BD1D91D}
		{E4FD3104-8E6E-4F9F-A755-B808A278E3AA} = {38AAC17A-18A5-46DE-B8BB-A2F51D8A77E8}
	EndGlobalSection
EndGlobal
